
Microsoft Visual Studio Solution File, Format Version 12.00
# Visual Studio 15
VisualStudioVersion = 15.0.27703.2042
MinimumVisualStudioVersion = 10.0.40219.1
Project("{8BC9CEB8-8B4A-11D0-8D11-00A0C91BC942}") = "JoyConDLL", "JoyConDLL\JoyConDLL.vcxproj", "{AA8FCD0E-7459-4081-A153-D0DECEDD350D}"
EndProject
Project("{FAE04EC0-301F-11D3-BF4B-00C04F79EFBC}") = "CSharpConsole", "CSharpConsole\CSharpConsole.csproj", "{F690DF70-FD3C-4A26-8978-9D09B7BB59BC}"
EndProject
Project("{8BC9CEB8-8B4A-11D0-8D11-00A0C91BC942}") = "TestInput", "TestInput\TestInput.vcxproj", "{64232E95-8A06-4D36-8FF2-0CFE5CA1FBF1}"
EndProject
Global
	GlobalSection(SolutionConfigurationPlatforms) = preSolution
		Console Debug 1337|Any CPU = Console Debug 1337|Any CPU
		Console Debug 1337|x64 = Console Debug 1337|x64
		Console Debug 1337|x86 = Console Debug 1337|x86
		Debug|Any CPU = Debug|Any CPU
		Debug|x64 = Debug|x64
		Debug|x86 = Debug|x86
		Release|Any CPU = Release|Any CPU
		Release|x64 = Release|x64
		Release|x86 = Release|x86
	EndGlobalSection
	GlobalSection(ProjectConfigurationPlatforms) = postSolution
		{AA8FCD0E-7459-4081-A153-D0DECEDD350D}.Console Debug 1337|Any CPU.ActiveCfg = Console Debug 1337|Win32
		{AA8FCD0E-7459-4081-A153-D0DECEDD350D}.Console Debug 1337|x64.ActiveCfg = Console Debug 1337|x64
		{AA8FCD0E-7459-4081-A153-D0DECEDD350D}.Console Debug 1337|x64.Build.0 = Console Debug 1337|x64
		{AA8FCD0E-7459-4081-A153-D0DECEDD350D}.Console Debug 1337|x86.ActiveCfg = Console Debug 1337|Win32
		{AA8FCD0E-7459-4081-A153-D0DECEDD350D}.Console Debug 1337|x86.Build.0 = Console Debug 1337|Win32
		{AA8FCD0E-7459-4081-A153-D0DECEDD350D}.Debug|Any CPU.ActiveCfg = Debug|Win32
		{AA8FCD0E-7459-4081-A153-D0DECEDD350D}.Debug|x64.ActiveCfg = Debug|x64
		{AA8FCD0E-7459-4081-A153-D0DECEDD350D}.Debug|x64.Build.0 = Debug|x64
		{AA8FCD0E-7459-4081-A153-D0DECEDD350D}.Debug|x86.ActiveCfg = Debug|Win32
		{AA8FCD0E-7459-4081-A153-D0DECEDD350D}.Debug|x86.Build.0 = Debug|Win32
		{AA8FCD0E-7459-4081-A153-D0DECEDD350D}.Release|Any CPU.ActiveCfg = Release|Win32
		{AA8FCD0E-7459-4081-A153-D0DECEDD350D}.Release|x64.ActiveCfg = Release|x64
		{AA8FCD0E-7459-4081-A153-D0DECEDD350D}.Release|x64.Build.0 = Release|x64
		{AA8FCD0E-7459-4081-A153-D0DECEDD350D}.Release|x86.ActiveCfg = Release|Win32
		{AA8FCD0E-7459-4081-A153-D0DECEDD350D}.Release|x86.Build.0 = Release|Win32
		{F690DF70-FD3C-4A26-8978-9D09B7BB59BC}.Console Debug 1337|Any CPU.ActiveCfg = Debug|Any CPU
		{F690DF70-FD3C-4A26-8978-9D09B7BB59BC}.Console Debug 1337|Any CPU.Build.0 = Debug|Any CPU
		{F690DF70-FD3C-4A26-8978-9D09B7BB59BC}.Console Debug 1337|x64.ActiveCfg = Debug|Any CPU
		{F690DF70-FD3C-4A26-8978-9D09B7BB59BC}.Console Debug 1337|x64.Build.0 = Debug|Any CPU
		{F690DF70-FD3C-4A26-8978-9D09B7BB59BC}.Console Debug 1337|x86.ActiveCfg = Debug|Any CPU
		{F690DF70-FD3C-4A26-8978-9D09B7BB59BC}.Console Debug 1337|x86.Build.0 = Debug|Any CPU
		{F690DF70-FD3C-4A26-8978-9D09B7BB59BC}.Debug|Any CPU.ActiveCfg = Debug|Any CPU
		{F690DF70-FD3C-4A26-8978-9D09B7BB59BC}.Debug|Any CPU.Build.0 = Debug|Any CPU
		{F690DF70-FD3C-4A26-8978-9D09B7BB59BC}.Debug|x64.ActiveCfg = Debug|x64
		{F690DF70-FD3C-4A26-8978-9D09B7BB59BC}.Debug|x64.Build.0 = Debug|x64
		{F690DF70-FD3C-4A26-8978-9D09B7BB59BC}.Debug|x86.ActiveCfg = Debug|Any CPU
		{F690DF70-FD3C-4A26-8978-9D09B7BB59BC}.Debug|x86.Build.0 = Debug|Any CPU
		{F690DF70-FD3C-4A26-8978-9D09B7BB59BC}.Release|Any CPU.ActiveCfg = Release|Any CPU
		{F690DF70-FD3C-4A26-8978-9D09B7BB59BC}.Release|Any CPU.Build.0 = Release|Any CPU
		{F690DF70-FD3C-4A26-8978-9D09B7BB59BC}.Release|x64.ActiveCfg = Release|Any CPU
		{F690DF70-FD3C-4A26-8978-9D09B7BB59BC}.Release|x64.Build.0 = Release|Any CPU
		{F690DF70-FD3C-4A26-8978-9D09B7BB59BC}.Release|x86.ActiveCfg = Release|Any CPU
		{F690DF70-FD3C-4A26-8978-9D09B7BB59BC}.Release|x86.Build.0 = Release|Any CPU
		{64232E95-8A06-4D36-8FF2-0CFE5CA1FBF1}.Console Debug 1337|Any CPU.ActiveCfg = Release|x64
		{64232E95-8A06-4D36-8FF2-0CFE5CA1FBF1}.Console Debug 1337|Any CPU.Build.0 = Release|x64
		{64232E95-8A06-4D36-8FF2-0CFE5CA1FBF1}.Console Debug 1337|x64.ActiveCfg = Debug|x64
		{64232E95-8A06-4D36-8FF2-0CFE5CA1FBF1}.Console Debug 1337|x64.Build.0 = Debug|x64
		{64232E95-8A06-4D36-8FF2-0CFE5CA1FBF1}.Console Debug 1337|x86.ActiveCfg = Debug|Win32
		{64232E95-8A06-4D36-8FF2-0CFE5CA1FBF1}.Console Debug 1337|x86.Build.0 = Debug|Win32
		{64232E95-8A06-4D36-8FF2-0CFE5CA1FBF1}.Debug|Any CPU.ActiveCfg = Debug|Win32
		{64232E95-8A06-4D36-8FF2-0CFE5CA1FBF1}.Debug|x64.ActiveCfg = Debug|x64
		{64232E95-8A06-4D36-8FF2-0CFE5CA1FBF1}.Debug|x64.Build.0 = Debug|x64
		{64232E95-8A06-4D36-8FF2-0CFE5CA1FBF1}.Debug|x86.ActiveCfg = Debug|Win32
		{64232E95-8A06-4D36-8FF2-0CFE5CA1FBF1}.Debug|x86.Build.0 = Debug|Win32
		{64232E95-8A06-4D36-8FF2-0CFE5CA1FBF1}.Release|Any CPU.ActiveCfg = Release|Win32
		{64232E95-8A06-4D36-8FF2-0CFE5CA1FBF1}.Release|x64.ActiveCfg = Release|x64
		{64232E95-8A06-4D36-8FF2-0CFE5CA1FBF1}.Release|x64.Build.0 = Release|x64
		{64232E95-8A06-4D36-8FF2-0CFE5CA1FBF1}.Release|x86.ActiveCfg = Release|Win32
		{64232E95-8A06-4D36-8FF2-0CFE5CA1FBF1}.Release|x86.Build.0 = Release|Win32
	EndGlobalSection
	GlobalSection(SolutionProperties) = preSolution
		HideSolutionNode = FALSE
	EndGlobalSection
	GlobalSection(ExtensibilityGlobals) = postSolution
		SolutionGuid = {6E4D05D5-DB3E-4EE2-8865-252633779904}
	EndGlobalSection
EndGlobal
